{
  "nodes": {
    "crane": {
      "locked": {
        "lastModified": 1742394900,
        "narHash": "sha256-vVOAp9ahvnU+fQoKd4SEXB2JG2wbENkpqcwlkIXgUC0=",
        "owner": "ipetkov",
        "repo": "crane",
        "rev": "70947c1908108c0c551ddfd73d4f750ff2ea67cd",
        "type": "github"
      },
      "original": {
        "owner": "ipetkov",
        "repo": "crane",
        "type": "github"
      }
    },
    "flake-utils": {
      "inputs": {
        "systems": "systems"
      },
      "locked": {
        "lastModified": 1731533236,
        "narHash": "sha256-l0KFg5HjrsfsO/JpG+r7fRrqm12kzFHyUHqHCVpMMbI=",
        "owner": "numtide",
        "repo": "flake-utils",
        "rev": "11707dc2f618dd54ca8739b309ec4fc024de578b",
        "type": "github"
      },
      "original": {
        "owner": "numtide",
        "repo": "flake-utils",
        "type": "github"
      }
    },
    "flakelight": {
      "inputs": {
        "nixpkgs": [
          "haze",
          "nixpkgs"
        ]
      },
      "locked": {
        "lastModified": 1748868585,
        "narHash": "sha256-DrrbahOQAwvNM8l5EuGxxkVS7X5/S59zcG0N9ZWQFhk=",
        "owner": "nix-community",
        "repo": "flakelight",
        "rev": "dfbecd12d99c1bf82906521a6a7d5b75d2aa1ca2",
        "type": "github"
      },
      "original": {
        "owner": "nix-community",
        "repo": "flakelight",
        "type": "github"
      }
    },
    "haze": {
      "inputs": {
        "flakelight": "flakelight",
        "mill-scale": "mill-scale",
        "nixpkgs": [
          "nixpkgs"
        ]
      },
      "locked": {
        "lastModified": 1756743642,
        "narHash": "sha256-3Zsokcu9ilagBLt9gwAUsH4Wel4+z0XBbdXSitrTdMw=",
        "ref": "refs/heads/main",
        "rev": "f928547ac21400dfcaa5b5fb6c9b4df2fa18f322",
        "revCount": 298,
        "type": "git",
        "url": "https://codeberg.org/icewind/haze.git"
      },
      "original": {
        "type": "git",
        "url": "https://codeberg.org/icewind/haze.git"
      }
    },
    "mill-scale": {
      "inputs": {
        "crane": "crane",
        "flakelight": [
          "haze",
          "flakelight"
        ],
        "rust-overlay": "rust-overlay"
      },
      "locked": {
        "lastModified": 1747926214,
        "narHash": "sha256-e/7klyoQpe9wsYeQIUfm/9Yqa78et24L+nSpsCz937k=",
        "owner": "icewind1991",
        "repo": "mill-scale",
        "rev": "394979573123e5d4762d29cc78b5e11b3d35cc6b",
        "type": "github"
      },
      "original": {
        "owner": "icewind1991",
        "repo": "mill-scale",
        "type": "github"
      }
    },
    "nixpkgs": {
      "locked": {
        "lastModified": 1755922037,
        "narHash": "sha256-wY1+2JPH0ZZC4BQefoZw/k+3+DowFyfOxv17CN/idKs=",
        "owner": "nixos",
        "repo": "nixpkgs",
        "rev": "b1b3291469652d5a2edb0becc4ef0246fff97a7c",
        "type": "github"
      },
      "original": {
        "owner": "nixos",
        "ref": "nixos-25.05",
        "repo": "nixpkgs",
        "type": "github"
      }
    },
    "root": {
      "inputs": {
        "flake-utils": "flake-utils",
        "haze": "haze",
        "nixpkgs": "nixpkgs"
      }
    },
    "rust-overlay": {
      "inputs": {
        "nixpkgs": [
          "haze",
          "mill-scale",
          "flakelight",
          "nixpkgs"
        ]
      },
      "locked": {
        "lastModified": 1742697269,
        "narHash": "sha256-Lpp0XyAtIl1oGJzNmTiTGLhTkcUjwSkEb0gOiNzYFGM=",
        "owner": "oxalica",
        "repo": "rust-overlay",
        "rev": "01973c84732f9275c50c5f075dd1f54cc04b3316",
        "type": "github"
      },
      "original": {
        "owner": "oxalica",
        "repo": "rust-overlay",
        "type": "github"
      }
    },
    "systems": {
      "locked": {
        "lastModified": 1681028828,
        "narHash": "sha256-Vy1rq5AaRuLzOxct8nz4T6wlgyUR7zLU309k9mBC768=",
        "owner": "nix-systems",
        "repo": "default",
        "rev": "da67096a3b9bf56a91d16901293e51ba5b49a27e",
        "type": "github"
      },
      "original": {
        "owner": "nix-systems",
        "repo": "default",
        "type": "github"
      }
    }
  },
  "root": "root",
  "version": 7
}
