{
  "nodes": {
    "crane": {
      "locked": {
        "lastModified": 1760924934,
        "narHash": "sha256-tuuqY5aU7cUkR71sO2TraVKK2boYrdW3gCSXUkF4i44=",
        "owner": "ipetkov",
        "repo": "crane",
        "rev": "c6b4d5308293d0d04fcfeee92705017537cad02f",
        "type": "github"
      },
      "original": {
        "owner": "ipetkov",
        "repo": "crane",
        "type": "github"
      }
    },
    "flake-compat": {
      "flake": false,
      "locked": {
        "lastModified": 1761588595,
        "narHash": "sha256-XKUZz9zewJNUj46b4AJdiRZJAvSZ0Dqj2BNfXvFlJC4=",
        "owner": "edolstra",
        "repo": "flake-compat",
        "rev": "f387cd2afec9419c8ee37694406ca490c3f34ee5",
        "type": "github"
      },
      "original": {
        "owner": "edolstra",
        "repo": "flake-compat",
        "type": "github"
      }
    },
    "flake-utils": {
      "inputs": {
        "systems": "systems"
      },
      "locked": {
        "lastModified": 1731533236,
        "narHash": "sha256-l0KFg5HjrsfsO/JpG+r7fRrqm12kzFHyUHqHCVpMMbI=",
        "owner": "numtide",
        "repo": "flake-utils",
        "rev": "11707dc2f618dd54ca8739b309ec4fc024de578b",
        "type": "github"
      },
      "original": {
        "owner": "numtide",
        "repo": "flake-utils",
        "type": "github"
      }
    },
    "flakelight": {
      "inputs": {
        "nixpkgs": [
          "haze",
          "nixpkgs"
        ]
      },
      "locked": {
        "lastModified": 1764593611,
        "narHash": "sha256-6SdexcO69Dlu14YN2xuB1A6JHWSrcqMj7Na9oK7IT2M=",
        "owner": "nix-community",
        "repo": "flakelight",
        "rev": "0d63256401341f528dd628f1a8e96d3afecade7a",
        "type": "github"
      },
      "original": {
        "owner": "nix-community",
        "repo": "flakelight",
        "type": "github"
      }
    },
    "haze": {
      "inputs": {
        "flakelight": "flakelight",
        "mill-scale": "mill-scale",
        "nixpkgs": [
          "nixpkgs"
        ]
      },
      "locked": {
        "lastModified": 1764617178,
        "narHash": "sha256-46vihXpm0fr/l+BUlj4dJYg2cblWRi7zZhsYPka+3Uw=",
        "ref": "refs/heads/main",
        "rev": "35967a8912660b80e9f47d52c2bd8e2d7d49e8e2",
        "revCount": 320,
        "type": "git",
        "url": "https://codeberg.org/icewind/haze.git"
      },
      "original": {
        "type": "git",
        "url": "https://codeberg.org/icewind/haze.git"
      }
    },
    "mill-scale": {
      "inputs": {
        "crane": "crane",
        "flakelight": [
          "haze",
          "flakelight"
        ],
        "rust-overlay": "rust-overlay"
      },
      "locked": {
        "lastModified": 1763591898,
        "narHash": "sha256-aHSMj7CIa9EJYxdf05wOWRGp0KRsT/TAox7uwVSdDb8=",
        "ref": "refs/heads/main",
        "rev": "2d9b2da2c9f384f93ef977c48f8ee35ce586529b",
        "revCount": 66,
        "type": "git",
        "url": "https://codeberg.org/icewind/mill-scale.git"
      },
      "original": {
        "type": "git",
        "url": "https://codeberg.org/icewind/mill-scale.git"
      }
    },
    "nixpkgs": {
      "locked": {
        "lastModified": 1764522689,
        "narHash": "sha256-SqUuBFjhl/kpDiVaKLQBoD8TLD+/cTUzzgVFoaHrkqY=",
        "owner": "nixos",
        "repo": "nixpkgs",
        "rev": "8bb5646e0bed5dbd3ab08c7a7cc15b75ab4e1d0f",
        "type": "github"
      },
      "original": {
        "owner": "nixos",
        "ref": "nixos-25.11",
        "repo": "nixpkgs",
        "type": "github"
      }
    },
    "phps": {
      "inputs": {
        "flake-compat": "flake-compat",
        "nixpkgs": [
          "nixpkgs"
        ],
        "utils": [
          "flake-utils"
        ]
      },
      "locked": {
        "lastModified": 1763965909,
        "narHash": "sha256-Hx/ZHl8Tc8C6gP2xN0zAl7txk1sUZA98NrflyJuw+70=",
        "owner": "fossar",
        "repo": "nix-phps",
        "rev": "8b3b0250e31d56283a8fa1b66dbd78fb21fa4893",
        "type": "github"
      },
      "original": {
        "owner": "fossar",
        "repo": "nix-phps",
        "type": "github"
      }
    },
    "root": {
      "inputs": {
        "flake-utils": "flake-utils",
        "haze": "haze",
        "nixpkgs": "nixpkgs",
        "phps": "phps"
      }
    },
    "rust-overlay": {
      "inputs": {
        "nixpkgs": [
          "haze",
          "mill-scale",
          "flakelight",
          "nixpkgs"
        ]
      },
      "locked": {
        "lastModified": 1761964689,
        "narHash": "sha256-Zo3LQQDz+64EQ9zor/WmeNTFLoZkjmhp0UY3G0D3seE=",
        "owner": "oxalica",
        "repo": "rust-overlay",
        "rev": "63d22578600f70d293aede6bc737efef60ebd97f",
        "type": "github"
      },
      "original": {
        "owner": "oxalica",
        "repo": "rust-overlay",
        "type": "github"
      }
    },
    "systems": {
      "locked": {
        "lastModified": 1681028828,
        "narHash": "sha256-Vy1rq5AaRuLzOxct8nz4T6wlgyUR7zLU309k9mBC768=",
        "owner": "nix-systems",
        "repo": "default",
        "rev": "da67096a3b9bf56a91d16901293e51ba5b49a27e",
        "type": "github"
      },
      "original": {
        "owner": "nix-systems",
        "repo": "default",
        "type": "github"
      }
    }
  },
  "root": "root",
  "version": 7
}
