{
    "_readme": [
        "This file locks the dependencies of your project to a known state",
        "Read more about it at https://getcomposer.org/doc/01-basic-usage.md#installing-dependencies",
        "This file is @generated automatically"
    ],
    "content-hash": "23c96ff7007b72dfd2bbe9cbf35a2843",
    "packages": [
        {
            "name": "adhocore/cli",
            "version": "v1.9.4",
            "source": {
                "type": "git",
                "url": "https://github.com/adhocore/php-cli.git",
                "reference": "474dc3d7ab139796be98b104d891476e3916b6f4"
            },
            "dist": {
                "type": "zip",
                "url": "https://api.github.com/repos/adhocore/php-cli/zipball/474dc3d7ab139796be98b104d891476e3916b6f4",
                "reference": "474dc3d7ab139796be98b104d891476e3916b6f4",
                "shasum": ""
            },
            "require": {
                "php": ">=8.0"
            },
            "require-dev": {
                "phpunit/phpunit": "^9.0"
            },
            "type": "library",
            "autoload": {
                "files": [
                    "src/functions.php"
                ],
                "psr-4": {
                    "Ahc\\Cli\\": "src/"
                }
            },
            "notification-url": "https://packagist.org/downloads/",
            "license": [
                "MIT"
            ],
            "authors": [
                {
                    "name": "Jitendra Adhikari",
                    "email": "jiten.adhikary@gmail.com"
                }
            ],
            "description": "Command line interface library for PHP",
            "keywords": [
                "argument-parser",
                "argv-parser",
                "cli",
                "cli-action",
                "cli-app",
                "cli-color",
                "cli-option",
                "cli-writer",
                "command",
                "console",
                "console-app",
                "php-cli",
                "php8",
                "stream-input",
                "stream-output"
            ],
            "support": {
                "issues": "https://github.com/adhocore/php-cli/issues",
                "source": "https://github.com/adhocore/php-cli/tree/v1.9.4"
            },
            "funding": [
                {
                    "url": "https://paypal.me/ji10",
                    "type": "custom"
                },
                {
                    "url": "https://github.com/adhocore",
                    "type": "github"
                }
            ],
            "time": "2025-05-11T13:23:54+00:00"
        },
        {
            "name": "nextcloud/openapi-extractor",
            "version": "v1.8.0",
            "source": {
                "type": "git",
                "url": "https://github.com/nextcloud-releases/openapi-extractor.git",
                "reference": "4c7a66afce9938279473fc08cadf011de41150f8"
            },
            "dist": {
                "type": "zip",
                "url": "https://api.github.com/repos/nextcloud-releases/openapi-extractor/zipball/4c7a66afce9938279473fc08cadf011de41150f8",
                "reference": "4c7a66afce9938279473fc08cadf011de41150f8",
                "shasum": ""
            },
            "require": {
                "adhocore/cli": "^1.7",
                "ext-simplexml": "*",
                "nikic/php-parser": "^5.0",
                "php": "^8.1",
                "phpstan/phpdoc-parser": "^2.1"
            },
            "require-dev": {
                "nextcloud/coding-standard": "^1.2",
                "nextcloud/ocp": "dev-master",
                "rector/rector": "^2.0"
            },
            "bin": [
                "bin/generate-spec",
                "bin/merge-specs"
            ],
            "type": "library",
            "autoload": {
                "psr-4": {
                    "OpenAPIExtractor\\": "src"
                }
            },
            "notification-url": "https://packagist.org/downloads/",
            "license": [
                "AGPL-3.0-or-later"
            ],
            "description": "A tool for extracting OpenAPI specifications from Nextcloud source code",
            "support": {
                "issues": "https://github.com/nextcloud-releases/openapi-extractor/issues",
                "source": "https://github.com/nextcloud-releases/openapi-extractor/tree/v1.8.0"
            },
            "time": "2025-06-03T13:01:15+00:00"
        },
        {
            "name": "nikic/php-parser",
            "version": "v5.5.0",
            "source": {
                "type": "git",
                "url": "https://github.com/nikic/PHP-Parser.git",
                "reference": "ae59794362fe85e051a58ad36b289443f57be7a9"
            },
            "dist": {
                "type": "zip",
                "url": "https://api.github.com/repos/nikic/PHP-Parser/zipball/ae59794362fe85e051a58ad36b289443f57be7a9",
                "reference": "ae59794362fe85e051a58ad36b289443f57be7a9",
                "shasum": ""
            },
            "require": {
                "ext-ctype": "*",
                "ext-json": "*",
                "ext-tokenizer": "*",
                "php": ">=7.4"
            },
            "require-dev": {
                "ircmaxell/php-yacc": "^0.0.7",
                "phpunit/phpunit": "^9.0"
            },
            "bin": [
                "bin/php-parse"
            ],
            "type": "library",
            "extra": {
                "branch-alias": {
                    "dev-master": "5.0-dev"
                }
            },
            "autoload": {
                "psr-4": {
                    "PhpParser\\": "lib/PhpParser"
                }
            },
            "notification-url": "https://packagist.org/downloads/",
            "license": [
                "BSD-3-Clause"
            ],
            "authors": [
                {
                    "name": "Nikita Popov"
                }
            ],
            "description": "A PHP parser written in PHP",
            "keywords": [
                "parser",
                "php"
            ],
            "support": {
                "issues": "https://github.com/nikic/PHP-Parser/issues",
                "source": "https://github.com/nikic/PHP-Parser/tree/v5.5.0"
            },
            "time": "2025-05-31T08:24:38+00:00"
        },
        {
            "name": "phpstan/phpdoc-parser",
            "version": "2.1.0",
            "source": {
                "type": "git",
                "url": "https://github.com/phpstan/phpdoc-parser.git",
                "reference": "9b30d6fd026b2c132b3985ce6b23bec09ab3aa68"
            },
            "dist": {
                "type": "zip",
                "url": "https://api.github.com/repos/phpstan/phpdoc-parser/zipball/9b30d6fd026b2c132b3985ce6b23bec09ab3aa68",
                "reference": "9b30d6fd026b2c132b3985ce6b23bec09ab3aa68",
                "shasum": ""
            },
            "require": {
                "php": "^7.4 || ^8.0"
            },
            "require-dev": {
                "doctrine/annotations": "^2.0",
                "nikic/php-parser": "^5.3.0",
                "php-parallel-lint/php-parallel-lint": "^1.2",
                "phpstan/extension-installer": "^1.0",
                "phpstan/phpstan": "^2.0",
                "phpstan/phpstan-phpunit": "^2.0",
                "phpstan/phpstan-strict-rules": "^2.0",
                "phpunit/phpunit": "^9.6",
                "symfony/process": "^5.2"
            },
            "type": "library",
            "autoload": {
                "psr-4": {
                    "PHPStan\\PhpDocParser\\": [
                        "src/"
                    ]
                }
            },
            "notification-url": "https://packagist.org/downloads/",
            "license": [
                "MIT"
            ],
            "description": "PHPDoc parser with support for nullable, intersection and generic types",
            "support": {
                "issues": "https://github.com/phpstan/phpdoc-parser/issues",
                "source": "https://github.com/phpstan/phpdoc-parser/tree/2.1.0"
            },
            "time": "2025-02-19T13:28:12+00:00"
        }
    ],
    "packages-dev": [],
    "aliases": [],
    "minimum-stability": "stable",
    "stability-flags": [],
    "prefer-stable": false,
    "prefer-lowest": false,
    "platform": [],
    "platform-dev": [],
    "platform-overrides": {
        "php": "8.1"
    },
    "plugin-api-version": "2.3.0"
}
