{
    "_readme": [
        "This file locks the dependencies of your project to a known state",
        "Read more about it at https://getcomposer.org/doc/01-basic-usage.md#installing-dependencies",
        "This file is @generated automatically"
    ],
    "content-hash": "8cbbdb84c616b60e794c2dbc79430b55",
    "packages": [
        {
            "name": "kubawerlos/php-cs-fixer-custom-fixers",
            "version": "v3.27.0",
            "source": {
                "type": "git",
                "url": "https://github.com/kubawerlos/php-cs-fixer-custom-fixers.git",
                "reference": "d860473d16b906c7945206177edc7d112357a706"
            },
            "dist": {
                "type": "zip",
                "url": "https://api.github.com/repos/kubawerlos/php-cs-fixer-custom-fixers/zipball/d860473d16b906c7945206177edc7d112357a706",
                "reference": "d860473d16b906c7945206177edc7d112357a706",
                "shasum": ""
            },
            "require": {
                "ext-filter": "*",
                "ext-tokenizer": "*",
                "friendsofphp/php-cs-fixer": "^3.61.1",
                "php": "^7.4 || ^8.0"
            },
            "require-dev": {
                "phpunit/phpunit": "^9.6.22 || 10.5.45 || ^11.5.7"
            },
            "type": "library",
            "autoload": {
                "psr-4": {
                    "PhpCsFixerCustomFixers\\": "src"
                }
            },
            "notification-url": "https://packagist.org/downloads/",
            "license": [
                "MIT"
            ],
            "authors": [
                {
                    "name": "Kuba Werłos",
                    "email": "werlos@gmail.com"
                }
            ],
            "description": "A set of custom fixers for PHP CS Fixer",
            "support": {
                "issues": "https://github.com/kubawerlos/php-cs-fixer-custom-fixers/issues",
                "source": "https://github.com/kubawerlos/php-cs-fixer-custom-fixers/tree/v3.27.0"
            },
            "funding": [
                {
                    "url": "https://github.com/kubawerlos",
                    "type": "github"
                }
            ],
            "time": "2025-06-10T20:53:07+00:00"
        },
        {
            "name": "nextcloud/coding-standard",
            "version": "v1.4.0",
            "source": {
                "type": "git",
                "url": "https://github.com/nextcloud/coding-standard.git",
                "reference": "8e06808c1423e9208d63d1bd205b9a38bd400011"
            },
            "dist": {
                "type": "zip",
                "url": "https://api.github.com/repos/nextcloud/coding-standard/zipball/8e06808c1423e9208d63d1bd205b9a38bd400011",
                "reference": "8e06808c1423e9208d63d1bd205b9a38bd400011",
                "shasum": ""
            },
            "require": {
                "kubawerlos/php-cs-fixer-custom-fixers": "^3.22",
                "php": "^8.0",
                "php-cs-fixer/shim": "^3.17"
            },
            "type": "library",
            "autoload": {
                "psr-4": {
                    "Nextcloud\\CodingStandard\\": "src"
                }
            },
            "notification-url": "https://packagist.org/downloads/",
            "license": [
                "MIT"
            ],
            "authors": [
                {
                    "name": "Christoph Wurst",
                    "email": "christoph@winzerhof-wurst.at"
                }
            ],
            "description": "Nextcloud coding standards for the php cs fixer",
            "keywords": [
                "dev"
            ],
            "support": {
                "issues": "https://github.com/nextcloud/coding-standard/issues",
                "source": "https://github.com/nextcloud/coding-standard/tree/v1.4.0"
            },
            "time": "2025-06-19T12:27:27+00:00"
        },
        {
            "name": "php-cs-fixer/shim",
            "version": "v3.75.0",
            "source": {
                "type": "git",
                "url": "https://github.com/PHP-CS-Fixer/shim.git",
                "reference": "eea219a577085bd13ff0cb644a422c20798316c7"
            },
            "dist": {
                "type": "zip",
                "url": "https://api.github.com/repos/PHP-CS-Fixer/shim/zipball/eea219a577085bd13ff0cb644a422c20798316c7",
                "reference": "eea219a577085bd13ff0cb644a422c20798316c7",
                "shasum": ""
            },
            "require": {
                "ext-json": "*",
                "ext-tokenizer": "*",
                "php": "^7.4 || ^8.0"
            },
            "replace": {
                "friendsofphp/php-cs-fixer": "self.version"
            },
            "suggest": {
                "ext-dom": "For handling output formats in XML",
                "ext-mbstring": "For handling non-UTF8 characters."
            },
            "bin": [
                "php-cs-fixer",
                "php-cs-fixer.phar"
            ],
            "type": "application",
            "notification-url": "https://packagist.org/downloads/",
            "license": [
                "MIT"
            ],
            "authors": [
                {
                    "name": "Fabien Potencier",
                    "email": "fabien@symfony.com"
                },
                {
                    "name": "Dariusz Rumiński",
                    "email": "dariusz.ruminski@gmail.com"
                }
            ],
            "description": "A tool to automatically fix PHP code style",
            "support": {
                "issues": "https://github.com/PHP-CS-Fixer/shim/issues",
                "source": "https://github.com/PHP-CS-Fixer/shim/tree/v3.75.0"
            },
            "time": "2025-03-31T18:45:02+00:00"
        }
    ],
    "packages-dev": [],
    "aliases": [],
    "minimum-stability": "stable",
    "stability-flags": {},
    "prefer-stable": false,
    "prefer-lowest": false,
    "platform": {},
    "platform-dev": {},
    "platform-overrides": {
        "php": "8.2"
    },
    "plugin-api-version": "2.6.0"
}
